
Microsoft Visual Studio Solution File, Format Version 12.00
# Visual Studio Version 16
VisualStudioVersion = 25.0.1704.2
MinimumVisualStudioVersion = 10.0.40219.1
Project("{FAE04EC0-301F-11D3-BF4B-00C04F79EFBC}") = "TodoApi", "TodoApi\TodoApi.csproj", "{3EAA85B8-6C1C-4670-B792-ABFF2AB998FA}"
EndProject
Global
	GlobalSection(SolutionConfigurationPlatforms) = preSolution
		Debug|Any CPU = Debug|Any CPU
		Release|Any CPU = Release|Any CPU
	EndGlobalSection
	GlobalSection(ProjectConfigurationPlatforms) = postSolution
		{3EAA85B8-6C1C-4670-B792-ABFF2AB998FA}.Debug|Any CPU.ActiveCfg = Debug|Any CPU
		{3EAA85B8-6C1C-4670-B792-ABFF2AB998FA}.Debug|Any CPU.Build.0 = Debug|Any CPU
		{3EAA85B8-6C1C-4670-B792-ABFF2AB998FA}.Release|Any CPU.ActiveCfg = Release|Any CPU
		{3EAA85B8-6C1C-4670-B792-ABFF2AB998FA}.Release|Any CPU.Build.0 = Release|Any CPU
	EndGlobalSection
	GlobalSection(SolutionProperties) = preSolution
		HideSolutionNode = FALSE
	EndGlobalSection
	GlobalSection(ExtensibilityGlobals) = postSolution
		SolutionGuid = {E8A29740-6E41-472F-A301-6B7CE727AD87}
	EndGlobalSection
EndGlobal
